
Microsoft Visual Studio Solution File, Format Version 12.00
# Visual Studio Version 16
VisualStudioVersion = 16.0.30309.148
MinimumVisualStudioVersion = 10.0.40219.1
Project("{9A19103F-16F7-4668-BE54-9A1E7A4F7556}") = "NetworkController", "NetworkController\NetworkController.csproj", "{FE7E1238-63F5-4088-8284-A1A5A5CAF404}"
EndProject
Project("{9A19103F-16F7-4668-BE54-9A1E7A4F7556}") = "NetworkBuilderDemo", "NetworkBuilderDemo\NetworkBuilderDemo.csproj", "{97541A36-A135-4290-9FC1-1958E50485C6}"
EndProject
Project("{9A19103F-16F7-4668-BE54-9A1E7A4F7556}") = "NetworkControllerTests", "NetworkControllerTests\NetworkControllerTests.csproj", "{1224CF25-D1A7-4438-9304-0B135F280A79}"
EndProject
Project("{9A19103F-16F7-4668-BE54-9A1E7A4F7556}") = "NetworkBuilderServer", "NetworkBuilderServer\NetworkBuilderServer.csproj", "{B84EC06E-E87C-48D7-ACBF-9F2DAAE33043}"
EndProject
Project("{FAE04EC0-301F-11D3-BF4B-00C04F79EFBC}") = "TransmissionComponent", "TransmissionComponent\TransmissionComponent.csproj", "{1C34BEA3-5DF2-405D-B39A-2B47C79E107E}"
EndProject
Global
	GlobalSection(SolutionConfigurationPlatforms) = preSolution
		Debug|Any CPU = Debug|Any CPU
		Release|Any CPU = Release|Any CPU
	EndGlobalSection
	GlobalSection(ProjectConfigurationPlatforms) = postSolution
		{FE7E1238-63F5-4088-8284-A1A5A5CAF404}.Debug|Any CPU.ActiveCfg = Debug|Any CPU
		{FE7E1238-63F5-4088-8284-A1A5A5CAF404}.Debug|Any CPU.Build.0 = Debug|Any CPU
		{FE7E1238-63F5-4088-8284-A1A5A5CAF404}.Release|Any CPU.ActiveCfg = Release|Any CPU
		{FE7E1238-63F5-4088-8284-A1A5A5CAF404}.Release|Any CPU.Build.0 = Release|Any CPU
		{97541A36-A135-4290-9FC1-1958E50485C6}.Debug|Any CPU.ActiveCfg = Debug|Any CPU
		{97541A36-A135-4290-9FC1-1958E50485C6}.Debug|Any CPU.Build.0 = Debug|Any CPU
		{97541A36-A135-4290-9FC1-1958E50485C6}.Release|Any CPU.ActiveCfg = Release|Any CPU
		{97541A36-A135-4290-9FC1-1958E50485C6}.Release|Any CPU.Build.0 = Release|Any CPU
		{1224CF25-D1A7-4438-9304-0B135F280A79}.Debug|Any CPU.ActiveCfg = Debug|Any CPU
		{1224CF25-D1A7-4438-9304-0B135F280A79}.Debug|Any CPU.Build.0 = Debug|Any CPU
		{1224CF25-D1A7-4438-9304-0B135F280A79}.Release|Any CPU.ActiveCfg = Release|Any CPU
		{1224CF25-D1A7-4438-9304-0B135F280A79}.Release|Any CPU.Build.0 = Release|Any CPU
		{B84EC06E-E87C-48D7-ACBF-9F2DAAE33043}.Debug|Any CPU.ActiveCfg = Debug|Any CPU
		{B84EC06E-E87C-48D7-ACBF-9F2DAAE33043}.Debug|Any CPU.Build.0 = Debug|Any CPU
		{B84EC06E-E87C-48D7-ACBF-9F2DAAE33043}.Release|Any CPU.ActiveCfg = Release|Any CPU
		{B84EC06E-E87C-48D7-ACBF-9F2DAAE33043}.Release|Any CPU.Build.0 = Release|Any CPU
		{1C34BEA3-5DF2-405D-B39A-2B47C79E107E}.Debug|Any CPU.ActiveCfg = Debug|Any CPU
		{1C34BEA3-5DF2-405D-B39A-2B47C79E107E}.Debug|Any CPU.Build.0 = Debug|Any CPU
		{1C34BEA3-5DF2-405D-B39A-2B47C79E107E}.Release|Any CPU.ActiveCfg = Release|Any CPU
		{1C34BEA3-5DF2-405D-B39A-2B47C79E107E}.Release|Any CPU.Build.0 = Release|Any CPU
	EndGlobalSection
	GlobalSection(SolutionProperties) = preSolution
		HideSolutionNode = FALSE
	EndGlobalSection
	GlobalSection(ExtensibilityGlobals) = postSolution
		SolutionGuid = {E05A56AC-AAC8-4144-A565-7C72E2B0A1AE}
	EndGlobalSection
EndGlobal
